{
  "name": "senseboxmcu-core",
  "version": "1.3.0",
  "lockfileVersion": 1,
  "requires": true,
  "dependencies": {
    "@sensebox/sketch-templater": {
      "version": "1.13.0",
      "resolved": "https://registry.npmjs.org/@sensebox/sketch-templater/-/sketch-templater-1.13.0.tgz",
      "integrity": "sha512-8ZYvXlhrTiVXpD5tuf8nhYCk8iR/uxI5fiYQO9e3mR20aHiVIVlsEI4QysGhVxAsOsgntHD5IOOikpY7XaC2Ig==",
      "dev": true,
      "requires": {
        "config": "^3.3.7",
        "dedent": "^0.7.0"
      }
    },
    "config": {
      "version": "3.3.8",
      "resolved": "https://registry.npmjs.org/config/-/config-3.3.8.tgz",
      "integrity": "sha512-rFzF6VESOdp7wAXFlB9IOZI4ouL05g3A03v2eRcTHj2JBQaTNJ40zhAUl5wRbWHqLZ+uqp/7OE0BWWtAVgrong==",
      "dev": true,
      "requires": {
        "json5": "^2.2.1"
      }
    },
    "dedent": {
      "version": "0.7.0",
      "resolved": "https://registry.npmjs.org/dedent/-/dedent-0.7.0.tgz",
      "integrity": "sha512-Q6fKUPqnAHAyhiUgFU7BUzLiv0kd8saH9al7tnu5Q/okj6dnupxyTgFIBjVzJATdfIAm9NAsvXNzjaKa+bxVyA==",
      "dev": true
    },
    "json5": {
      "version": "2.2.1",
      "resolved": "https://registry.npmjs.org/json5/-/json5-2.2.1.tgz",
      "integrity": "sha512-1hqLFMSrGHRHxav9q9gNjJ5EXznIxGVO09xQRrwplcS8qs28pZ8s8hupZAmqDwZUmVZ2Qb2jnyPOWcDH8m8dlA==",
      "dev": true
    }
  }
}
