{
  "name": "senseboxmcu-core",
  "version": "1.3.0",
  "lockfileVersion": 1,
  "requires": true,
  "dependencies": {
    "@sensebox/sketch-templater": {
      "version": "1.12.1",
      "resolved": "https://registry.npmjs.org/@sensebox/sketch-templater/-/sketch-templater-1.12.1.tgz",
      "integrity": "sha512-LtHyUPsZSFTDIqzSce8Rgh25CRhZkj2NIVjNUrMFeB7WgoNwYJuq+aYr1QDGaL0AkREKL3JsUi+O4rjji3Uw3w==",
      "dev": true,
      "requires": {
        "config": "^3.3.7",
        "dedent": "^0.7.0"
      }
    },
    "config": {
      "version": "3.3.7",
      "resolved": "https://registry.npmjs.org/config/-/config-3.3.7.tgz",
      "integrity": "sha512-mX/n7GKDYZMqvvkY6e6oBY49W8wxdmQt+ho/5lhwFDXqQW9gI+Ahp8EKp8VAbISPnmf2+Bv5uZK7lKXZ6pf1aA==",
      "dev": true,
      "requires": {
        "json5": "^2.1.1"
      }
    },
    "dedent": {
      "version": "0.7.0",
      "resolved": "https://registry.npmjs.org/dedent/-/dedent-0.7.0.tgz",
      "integrity": "sha1-JJXduvbrh0q7Dhvp3yLS5aVEMmw=",
      "dev": true
    },
    "json5": {
      "version": "2.2.1",
      "resolved": "https://registry.npmjs.org/json5/-/json5-2.2.1.tgz",
      "integrity": "sha512-1hqLFMSrGHRHxav9q9gNjJ5EXznIxGVO09xQRrwplcS8qs28pZ8s8hupZAmqDwZUmVZ2Qb2jnyPOWcDH8m8dlA==",
      "dev": true
    }
  }
}
